
Microsoft Visual Studio Solution File, Format Version 12.00
# Visual Studio Version 17
VisualStudioVersion = 17.4.33205.214
MinimumVisualStudioVersion = 10.0.40219.1
Project("{9A19103F-16F7-4668-BE54-9A1E7A4F7556}") = "TrueCodeTestSolution", "TrueCodeTestSolution.csproj", "{1A34DFC8-D311-4E59-8112-5C7B00B905EA}"
EndProject
Project("{FAE04EC0-301F-11D3-BF4B-00C04F79EFBC}") = "TrueCodeUnitTests", "..\TrueCodeUnitTests\TrueCodeUnitTests.csproj", "{DF66189F-1FCE-4D04-9074-6AB4745A21A0}"
EndProject
Global
	GlobalSection(SolutionConfigurationPlatforms) = preSolution
		Debug|Any CPU = Debug|Any CPU
		Release|Any CPU = Release|Any CPU
	EndGlobalSection
	GlobalSection(ProjectConfigurationPlatforms) = postSolution
		{1A34DFC8-D311-4E59-8112-5C7B00B905EA}.Debug|Any CPU.ActiveCfg = Debug|Any CPU
		{1A34DFC8-D311-4E59-8112-5C7B00B905EA}.Debug|Any CPU.Build.0 = Debug|Any CPU
		{1A34DFC8-D311-4E59-8112-5C7B00B905EA}.Release|Any CPU.ActiveCfg = Release|Any CPU
		{1A34DFC8-D311-4E59-8112-5C7B00B905EA}.Release|Any CPU.Build.0 = Release|Any CPU
		{DF66189F-1FCE-4D04-9074-6AB4745A21A0}.Debug|Any CPU.ActiveCfg = Debug|Any CPU
		{DF66189F-1FCE-4D04-9074-6AB4745A21A0}.Debug|Any CPU.Build.0 = Debug|Any CPU
		{DF66189F-1FCE-4D04-9074-6AB4745A21A0}.Release|Any CPU.ActiveCfg = Release|Any CPU
		{DF66189F-1FCE-4D04-9074-6AB4745A21A0}.Release|Any CPU.Build.0 = Release|Any CPU
	EndGlobalSection
	GlobalSection(SolutionProperties) = preSolution
		HideSolutionNode = FALSE
	EndGlobalSection
	GlobalSection(ExtensibilityGlobals) = postSolution
		SolutionGuid = {75BEDEDD-8E0B-47D2-AFA1-4D43738DE008}
	EndGlobalSection
EndGlobal
