
Microsoft Visual Studio Solution File, Format Version 12.00
# Visual Studio Version 16
VisualStudioVersion = 16.0.30804.86
MinimumVisualStudioVersion = 10.0.40219.1
Project("{9A19103F-16F7-4668-BE54-9A1E7A4F7556}") = "Testiiko", "TestRSHB\Testiiko.csproj", "{F9F4AEF0-8708-4131-95A8-C510861C09FA}"
EndProject
Global
	GlobalSection(SolutionConfigurationPlatforms) = preSolution
		Debug|Any CPU = Debug|Any CPU
		Release|Any CPU = Release|Any CPU
	EndGlobalSection
	GlobalSection(ProjectConfigurationPlatforms) = postSolution
		{F9F4AEF0-8708-4131-95A8-C510861C09FA}.Debug|Any CPU.ActiveCfg = Debug|Any CPU
		{F9F4AEF0-8708-4131-95A8-C510861C09FA}.Debug|Any CPU.Build.0 = Debug|Any CPU
		{F9F4AEF0-8708-4131-95A8-C510861C09FA}.Release|Any CPU.ActiveCfg = Release|Any CPU
		{F9F4AEF0-8708-4131-95A8-C510861C09FA}.Release|Any CPU.Build.0 = Release|Any CPU
	EndGlobalSection
	GlobalSection(SolutionProperties) = preSolution
		HideSolutionNode = FALSE
	EndGlobalSection
	GlobalSection(ExtensibilityGlobals) = postSolution
		SolutionGuid = {81F98173-D070-486F-951F-06F882AE217B}
	EndGlobalSection
EndGlobal
